
Microsoft Visual Studio Solution File, Format Version 12.00
# Visual Studio Version 17
VisualStudioVersion = 17.9.34902.65
MinimumVisualStudioVersion = 10.0.40219.1
Project("{FAE04EC0-301F-11D3-BF4B-00C04F79EFBC}") = "projeto do lele", "projeto do lele\projeto do lele.csproj", "{84686750-24A9-4986-8E12-09312F9B4AEB}"
EndProject
Global
	GlobalSection(SolutionConfigurationPlatforms) = preSolution
		Debug|Any CPU = Debug|Any CPU
		Release|Any CPU = Release|Any CPU
	EndGlobalSection
	GlobalSection(ProjectConfigurationPlatforms) = postSolution
		{84686750-24A9-4986-8E12-09312F9B4AEB}.Debug|Any CPU.ActiveCfg = Debug|Any CPU
		{84686750-24A9-4986-8E12-09312F9B4AEB}.Debug|Any CPU.Build.0 = Debug|Any CPU
		{84686750-24A9-4986-8E12-09312F9B4AEB}.Release|Any CPU.ActiveCfg = Release|Any CPU
		{84686750-24A9-4986-8E12-09312F9B4AEB}.Release|Any CPU.Build.0 = Release|Any CPU
	EndGlobalSection
	GlobalSection(SolutionProperties) = preSolution
		HideSolutionNode = FALSE
	EndGlobalSection
	GlobalSection(ExtensibilityGlobals) = postSolution
		SolutionGuid = {AA5F2777-09A3-4995-B4AD-FBC3051AEC30}
	EndGlobalSection
EndGlobal
